
Microsoft Visual Studio Solution File, Format Version 12.00
# Visual Studio Version 17
VisualStudioVersion = 17.12.35323.107
MinimumVisualStudioVersion = 10.0.40219.1
Project("{FAE04EC0-301F-11D3-BF4B-00C04F79EFBC}") = "AppleFlyover", "AppleFlyover\AppleFlyover.csproj", "{3DE70CA2-A054-4866-83FD-321BC68FA571}"
EndProject
Project("{C7167F0D-BC9F-4E6E-AFE1-012C56B48DB5}") = "AppleFlyoverPackaging", "AppleFlyoverPackaging\AppleFlyoverPackaging.wapproj", "{0D94E2AF-F977-44F7-8489-4BF48DD52B3A}"
EndProject
Project("{FAE04EC0-301F-11D3-BF4B-00C04F79EFBC}") = "golf1052.SeattleCollectionCalendar", "..\golf1052.SeattleCollectionCalendar\golf1052.SeattleCollectionCalendar\golf1052.SeattleCollectionCalendar.csproj", "{8A8158AC-2744-426D-3E97-9FEDA1593740}"
EndProject
Global
	GlobalSection(SolutionConfigurationPlatforms) = preSolution
		Debug + MobileApps|ARM = Debug + MobileApps|ARM
		Debug + MobileApps|ARM64 = Debug + MobileApps|ARM64
		Debug + MobileApps|x64 = Debug + MobileApps|x64
		Debug + MobileApps|x86 = Debug + MobileApps|x86
		Debug|ARM = Debug|ARM
		Debug|ARM64 = Debug|ARM64
		Debug|x64 = Debug|x64
		Debug|x86 = Debug|x86
		Release|ARM = Release|ARM
		Release|ARM64 = Release|ARM64
		Release|x64 = Release|x64
		Release|x86 = Release|x86
	EndGlobalSection
	GlobalSection(ProjectConfigurationPlatforms) = postSolution
		{3DE70CA2-A054-4866-83FD-321BC68FA571}.Debug + MobileApps|ARM.ActiveCfg = Debug|ARM
		{3DE70CA2-A054-4866-83FD-321BC68FA571}.Debug + MobileApps|ARM.Build.0 = Debug|ARM
		{3DE70CA2-A054-4866-83FD-321BC68FA571}.Debug + MobileApps|ARM.Deploy.0 = Debug|ARM
		{3DE70CA2-A054-4866-83FD-321BC68FA571}.Debug + MobileApps|ARM64.ActiveCfg = Debug|arm64
		{3DE70CA2-A054-4866-83FD-321BC68FA571}.Debug + MobileApps|ARM64.Build.0 = Debug|arm64
		{3DE70CA2-A054-4866-83FD-321BC68FA571}.Debug + MobileApps|ARM64.Deploy.0 = Debug|arm64
		{3DE70CA2-A054-4866-83FD-321BC68FA571}.Debug + MobileApps|x64.ActiveCfg = Debug|x64
		{3DE70CA2-A054-4866-83FD-321BC68FA571}.Debug + MobileApps|x64.Build.0 = Debug|x64
		{3DE70CA2-A054-4866-83FD-321BC68FA571}.Debug + MobileApps|x64.Deploy.0 = Debug|x64
		{3DE70CA2-A054-4866-83FD-321BC68FA571}.Debug + MobileApps|x86.ActiveCfg = Debug|x86
		{3DE70CA2-A054-4866-83FD-321BC68FA571}.Debug + MobileApps|x86.Build.0 = Debug|x86
		{3DE70CA2-A054-4866-83FD-321BC68FA571}.Debug + MobileApps|x86.Deploy.0 = Debug|x86
		{3DE70CA2-A054-4866-83FD-321BC68FA571}.Debug|ARM.ActiveCfg = Debug|ARM
		{3DE70CA2-A054-4866-83FD-321BC68FA571}.Debug|ARM.Build.0 = Debug|ARM
		{3DE70CA2-A054-4866-83FD-321BC68FA571}.Debug|ARM.Deploy.0 = Debug|ARM
		{3DE70CA2-A054-4866-83FD-321BC68FA571}.Debug|ARM64.ActiveCfg = Debug|arm64
		{3DE70CA2-A054-4866-83FD-321BC68FA571}.Debug|ARM64.Build.0 = Debug|arm64
		{3DE70CA2-A054-4866-83FD-321BC68FA571}.Debug|ARM64.Deploy.0 = Debug|arm64
		{3DE70CA2-A054-4866-83FD-321BC68FA571}.Debug|x64.ActiveCfg = Debug|x64
		{3DE70CA2-A054-4866-83FD-321BC68FA571}.Debug|x64.Build.0 = Debug|x64
		{3DE70CA2-A054-4866-83FD-321BC68FA571}.Debug|x64.Deploy.0 = Debug|x64
		{3DE70CA2-A054-4866-83FD-321BC68FA571}.Debug|x86.ActiveCfg = Debug|x86
		{3DE70CA2-A054-4866-83FD-321BC68FA571}.Debug|x86.Build.0 = Debug|x86
		{3DE70CA2-A054-4866-83FD-321BC68FA571}.Debug|x86.Deploy.0 = Debug|x86
		{3DE70CA2-A054-4866-83FD-321BC68FA571}.Release|ARM.ActiveCfg = Release|ARM
		{3DE70CA2-A054-4866-83FD-321BC68FA571}.Release|ARM.Build.0 = Release|ARM
		{3DE70CA2-A054-4866-83FD-321BC68FA571}.Release|ARM.Deploy.0 = Release|ARM
		{3DE70CA2-A054-4866-83FD-321BC68FA571}.Release|ARM64.ActiveCfg = Release|arm64
		{3DE70CA2-A054-4866-83FD-321BC68FA571}.Release|ARM64.Build.0 = Release|arm64
		{3DE70CA2-A054-4866-83FD-321BC68FA571}.Release|ARM64.Deploy.0 = Release|arm64
		{3DE70CA2-A054-4866-83FD-321BC68FA571}.Release|x64.ActiveCfg = Release|x64
		{3DE70CA2-A054-4866-83FD-321BC68FA571}.Release|x64.Build.0 = Release|x64
		{3DE70CA2-A054-4866-83FD-321BC68FA571}.Release|x64.Deploy.0 = Release|x64
		{3DE70CA2-A054-4866-83FD-321BC68FA571}.Release|x86.ActiveCfg = Release|x86
		{3DE70CA2-A054-4866-83FD-321BC68FA571}.Release|x86.Build.0 = Release|x86
		{3DE70CA2-A054-4866-83FD-321BC68FA571}.Release|x86.Deploy.0 = Release|x86
		{0D94E2AF-F977-44F7-8489-4BF48DD52B3A}.Debug + MobileApps|ARM.ActiveCfg = Debug|ARM
		{0D94E2AF-F977-44F7-8489-4BF48DD52B3A}.Debug + MobileApps|ARM.Build.0 = Debug|ARM
		{0D94E2AF-F977-44F7-8489-4BF48DD52B3A}.Debug + MobileApps|ARM.Deploy.0 = Debug|ARM
		{0D94E2AF-F977-44F7-8489-4BF48DD52B3A}.Debug + MobileApps|ARM64.ActiveCfg = Debug|ARM64
		{0D94E2AF-F977-44F7-8489-4BF48DD52B3A}.Debug + MobileApps|ARM64.Build.0 = Debug|ARM64
		{0D94E2AF-F977-44F7-8489-4BF48DD52B3A}.Debug + MobileApps|ARM64.Deploy.0 = Debug|ARM64
		{0D94E2AF-F977-44F7-8489-4BF48DD52B3A}.Debug + MobileApps|x64.ActiveCfg = Debug|x64
		{0D94E2AF-F977-44F7-8489-4BF48DD52B3A}.Debug + MobileApps|x64.Build.0 = Debug|x64
		{0D94E2AF-F977-44F7-8489-4BF48DD52B3A}.Debug + MobileApps|x64.Deploy.0 = Debug|x64
		{0D94E2AF-F977-44F7-8489-4BF48DD52B3A}.Debug + MobileApps|x86.ActiveCfg = Debug|x86
		{0D94E2AF-F977-44F7-8489-4BF48DD52B3A}.Debug + MobileApps|x86.Build.0 = Debug|x86
		{0D94E2AF-F977-44F7-8489-4BF48DD52B3A}.Debug + MobileApps|x86.Deploy.0 = Debug|x86
		{0D94E2AF-F977-44F7-8489-4BF48DD52B3A}.Debug|ARM.ActiveCfg = Debug|ARM
		{0D94E2AF-F977-44F7-8489-4BF48DD52B3A}.Debug|ARM.Build.0 = Debug|ARM
		{0D94E2AF-F977-44F7-8489-4BF48DD52B3A}.Debug|ARM.Deploy.0 = Debug|ARM
		{0D94E2AF-F977-44F7-8489-4BF48DD52B3A}.Debug|ARM64.ActiveCfg = Debug|ARM64
		{0D94E2AF-F977-44F7-8489-4BF48DD52B3A}.Debug|ARM64.Build.0 = Debug|ARM64
		{0D94E2AF-F977-44F7-8489-4BF48DD52B3A}.Debug|ARM64.Deploy.0 = Debug|ARM64
		{0D94E2AF-F977-44F7-8489-4BF48DD52B3A}.Debug|x64.ActiveCfg = Debug|x64
		{0D94E2AF-F977-44F7-8489-4BF48DD52B3A}.Debug|x64.Build.0 = Debug|x64
		{0D94E2AF-F977-44F7-8489-4BF48DD52B3A}.Debug|x64.Deploy.0 = Debug|x64
		{0D94E2AF-F977-44F7-8489-4BF48DD52B3A}.Debug|x86.ActiveCfg = Debug|x86
		{0D94E2AF-F977-44F7-8489-4BF48DD52B3A}.Debug|x86.Build.0 = Debug|x86
		{0D94E2AF-F977-44F7-8489-4BF48DD52B3A}.Debug|x86.Deploy.0 = Debug|x86
		{0D94E2AF-F977-44F7-8489-4BF48DD52B3A}.Release|ARM.ActiveCfg = Release|ARM
		{0D94E2AF-F977-44F7-8489-4BF48DD52B3A}.Release|ARM.Build.0 = Release|ARM
		{0D94E2AF-F977-44F7-8489-4BF48DD52B3A}.Release|ARM.Deploy.0 = Release|ARM
		{0D94E2AF-F977-44F7-8489-4BF48DD52B3A}.Release|ARM64.ActiveCfg = Release|ARM64
		{0D94E2AF-F977-44F7-8489-4BF48DD52B3A}.Release|ARM64.Build.0 = Release|ARM64
		{0D94E2AF-F977-44F7-8489-4BF48DD52B3A}.Release|ARM64.Deploy.0 = Release|ARM64
		{0D94E2AF-F977-44F7-8489-4BF48DD52B3A}.Release|x64.ActiveCfg = Release|x64
		{0D94E2AF-F977-44F7-8489-4BF48DD52B3A}.Release|x64.Build.0 = Release|x64
		{0D94E2AF-F977-44F7-8489-4BF48DD52B3A}.Release|x64.Deploy.0 = Release|x64
		{0D94E2AF-F977-44F7-8489-4BF48DD52B3A}.Release|x86.ActiveCfg = Release|x86
		{0D94E2AF-F977-44F7-8489-4BF48DD52B3A}.Release|x86.Build.0 = Release|x86
		{0D94E2AF-F977-44F7-8489-4BF48DD52B3A}.Release|x86.Deploy.0 = Release|x86
		{8A8158AC-2744-426D-3E97-9FEDA1593740}.Debug + MobileApps|ARM.ActiveCfg = Debug|Any CPU
		{8A8158AC-2744-426D-3E97-9FEDA1593740}.Debug + MobileApps|ARM.Build.0 = Debug|Any CPU
		{8A8158AC-2744-426D-3E97-9FEDA1593740}.Debug + MobileApps|ARM64.ActiveCfg = Debug|Any CPU
		{8A8158AC-2744-426D-3E97-9FEDA1593740}.Debug + MobileApps|ARM64.Build.0 = Debug|Any CPU
		{8A8158AC-2744-426D-3E97-9FEDA1593740}.Debug + MobileApps|x64.ActiveCfg = Debug|Any CPU
		{8A8158AC-2744-426D-3E97-9FEDA1593740}.Debug + MobileApps|x64.Build.0 = Debug|Any CPU
		{8A8158AC-2744-426D-3E97-9FEDA1593740}.Debug + MobileApps|x86.ActiveCfg = Debug|Any CPU
		{8A8158AC-2744-426D-3E97-9FEDA1593740}.Debug + MobileApps|x86.Build.0 = Debug|Any CPU
		{8A8158AC-2744-426D-3E97-9FEDA1593740}.Debug|ARM.ActiveCfg = Debug|Any CPU
		{8A8158AC-2744-426D-3E97-9FEDA1593740}.Debug|ARM.Build.0 = Debug|Any CPU
		{8A8158AC-2744-426D-3E97-9FEDA1593740}.Debug|ARM64.ActiveCfg = Debug|Any CPU
		{8A8158AC-2744-426D-3E97-9FEDA1593740}.Debug|ARM64.Build.0 = Debug|Any CPU
		{8A8158AC-2744-426D-3E97-9FEDA1593740}.Debug|x64.ActiveCfg = Debug|Any CPU
		{8A8158AC-2744-426D-3E97-9FEDA1593740}.Debug|x64.Build.0 = Debug|Any CPU
		{8A8158AC-2744-426D-3E97-9FEDA1593740}.Debug|x86.ActiveCfg = Debug|Any CPU
		{8A8158AC-2744-426D-3E97-9FEDA1593740}.Debug|x86.Build.0 = Debug|Any CPU
		{8A8158AC-2744-426D-3E97-9FEDA1593740}.Release|ARM.ActiveCfg = Release|Any CPU
		{8A8158AC-2744-426D-3E97-9FEDA1593740}.Release|ARM.Build.0 = Release|Any CPU
		{8A8158AC-2744-426D-3E97-9FEDA1593740}.Release|ARM64.ActiveCfg = Release|Any CPU
		{8A8158AC-2744-426D-3E97-9FEDA1593740}.Release|ARM64.Build.0 = Release|Any CPU
		{8A8158AC-2744-426D-3E97-9FEDA1593740}.Release|x64.ActiveCfg = Release|Any CPU
		{8A8158AC-2744-426D-3E97-9FEDA1593740}.Release|x64.Build.0 = Release|Any CPU
		{8A8158AC-2744-426D-3E97-9FEDA1593740}.Release|x86.ActiveCfg = Release|Any CPU
		{8A8158AC-2744-426D-3E97-9FEDA1593740}.Release|x86.Build.0 = Release|Any CPU
	EndGlobalSection
	GlobalSection(SolutionProperties) = preSolution
		HideSolutionNode = FALSE
	EndGlobalSection
	GlobalSection(ExtensibilityGlobals) = postSolution
		SolutionGuid = {7C6201B6-BD8C-4F8D-9AEC-468DAB70736D}
	EndGlobalSection
EndGlobal
